
Microsoft Visual Studio Solution File, Format Version 12.00
# Visual Studio Version 17
VisualStudioVersion = 17.5.002.0
MinimumVisualStudioVersion = 10.0.40219.1
Project("{9A19103F-16F7-4668-BE54-9A1E7A4F7556}") = "example001_helloWorld", "example001_helloWorld.csproj", "{ECAFE185-D67F-4E1F-A020-ADAAE0DC65C8}"
EndProject
Project("{9A19103F-16F7-4668-BE54-9A1E7A4F7556}") = "examle002_helloUser", "examle002_helloUser\examle002_helloUser.csproj", "{9BCD77FE-D4C5-4F10-9CEB-4B33A88D2ADE}"
EndProject
Global
	GlobalSection(SolutionConfigurationPlatforms) = preSolution
		Debug|Any CPU = Debug|Any CPU
		Release|Any CPU = Release|Any CPU
	EndGlobalSection
	GlobalSection(ProjectConfigurationPlatforms) = postSolution
		{ECAFE185-D67F-4E1F-A020-ADAAE0DC65C8}.Debug|Any CPU.ActiveCfg = Debug|Any CPU
		{ECAFE185-D67F-4E1F-A020-ADAAE0DC65C8}.Debug|Any CPU.Build.0 = Debug|Any CPU
		{ECAFE185-D67F-4E1F-A020-ADAAE0DC65C8}.Release|Any CPU.ActiveCfg = Release|Any CPU
		{ECAFE185-D67F-4E1F-A020-ADAAE0DC65C8}.Release|Any CPU.Build.0 = Release|Any CPU
		{9BCD77FE-D4C5-4F10-9CEB-4B33A88D2ADE}.Debug|Any CPU.ActiveCfg = Debug|Any CPU
		{9BCD77FE-D4C5-4F10-9CEB-4B33A88D2ADE}.Debug|Any CPU.Build.0 = Debug|Any CPU
		{9BCD77FE-D4C5-4F10-9CEB-4B33A88D2ADE}.Release|Any CPU.ActiveCfg = Release|Any CPU
		{9BCD77FE-D4C5-4F10-9CEB-4B33A88D2ADE}.Release|Any CPU.Build.0 = Release|Any CPU
	EndGlobalSection
	GlobalSection(SolutionProperties) = preSolution
		HideSolutionNode = FALSE
	EndGlobalSection
	GlobalSection(ExtensibilityGlobals) = postSolution
		SolutionGuid = {BD1EE128-46F3-4FE1-AB6F-76B7FCB27041}
	EndGlobalSection
EndGlobal
